<Solution>
  <Folder Name="/src/">
    <Project Path="src/WPShield.Abstractions/WPShield.Abstractions.csproj" />
    <Project Path="src/WPShield.Core/WPShield.Core.csproj" />
    <Project Path="src/WPShield.Rules.WordPress/WPShield.Rules.WordPress.csproj" />
    <Project Path="src/WPShield.Service/WPShield.Service.csproj" />
    <Project Path="src/WPShield.Gateway/WPShield.Gateway.csproj" />
  </Folder>
  <Folder Name="/tests/">
    <Project Path="tests/WPShield.Abstractions.Tests/WPShield.Abstractions.Tests.csproj" />
    <Project Path="tests/WPShield.Core.Tests/WPShield.Core.Tests.csproj" />
    <Project Path="tests/WPShield.Gateway.Tests/WPShield.Gateway.Tests.csproj" />
    <Project Path="tests/WPShield.Rules.WordPress.Tests/WPShield.Rules.WordPress.Tests.csproj" />
  </Folder>
</Solution>
